// !$*UTF8*$!
{
	archiveVersion = 1;
	classes = {
	};
	objectVersion = 50;
	objects = {

/* Begin PBXBuildFile section */
		8474C5DD26288DA4002ED9B3 /* AppDelegate.swift in Sources */ = {isa = PBXBuildFile; fileRef = 8474C5DC26288DA4002ED9B3 /* AppDelegate.swift */; };
		8474C5DF26288DA4002ED9B3 /* SceneDelegate.swift in Sources */ = {isa = PBXBuildFile; fileRef = 8474C5DE26288DA4002ED9B3 /* SceneDelegate.swift */; };
		8474C5E126288DA4002ED9B3 /* ContentView.swift in Sources */ = {isa = PBXBuildFile; fileRef = 8474C5E026288DA4002ED9B3 /* ContentView.swift */; };
		8474C5E426288DA4002ED9B3 /* GameAPI.xcdatamodeld in Sources */ = {isa = PBXBuildFile; fileRef = 8474C5E226288DA4002ED9B3 /* GameAPI.xcdatamodeld */; };
		8474C5E626288DA7002ED9B3 /* Assets.xcassets in Resources */ = {isa = PBXBuildFile; fileRef = 8474C5E526288DA7002ED9B3 /* Assets.xcassets */; };
		8474C5E926288DA7002ED9B3 /* Preview Assets.xcassets in Resources */ = {isa = PBXBuildFile; fileRef = 8474C5E826288DA7002ED9B3 /* Preview Assets.xcassets */; };
		8474C5EC26288DA7002ED9B3 /* LaunchScreen.storyboard in Resources */ = {isa = PBXBuildFile; fileRef = 8474C5EA26288DA7002ED9B3 /* LaunchScreen.storyboard */; };
/* End PBXBuildFile section */

/* Begin PBXFileReference section */
		8474C5D926288DA4002ED9B3 /* GameAPI.app */ = {isa = PBXFileReference; explicitFileType = wrapper.application; includeInIndex = 0; path = GameAPI.app; sourceTree = BUILT_PRODUCTS_DIR; };
		8474C5DC26288DA4002ED9B3 /* AppDelegate.swift */ = {isa = PBXFileReference; lastKnownFileType = sourcecode.swift; path = AppDelegate.swift; sourceTree = "<group>"; };
		8474C5DE26288DA4002ED9B3 /* SceneDelegate.swift */ = {isa = PBXFileReference; lastKnownFileType = sourcecode.swift; path = SceneDelegate.swift; sourceTree = "<group>"; };
		8474C5E026288DA4002ED9B3 /* ContentView.swift */ = {isa = PBXFileReference; lastKnownFileType = sourcecode.swift; path = ContentView.swift; sourceTree = "<group>"; };
		8474C5E326288DA4002ED9B3 /* GameAPI.xcdatamodel */ = {isa = PBXFileReference; lastKnownFileType = wrapper.xcdatamodel; path = GameAPI.xcdatamodel; sourceTree = "<group>"; };
		8474C5E526288DA7002ED9B3 /* Assets.xcassets */ = {isa = PBXFileReference; lastKnownFileType = folder.assetcatalog; path = Assets.xcassets; sourceTree = "<group>"; };
		8474C5E826288DA7002ED9B3 /* Preview Assets.xcassets */ = {isa = PBXFileReference; lastKnownFileType = folder.assetcatalog; path = "Preview Assets.xcassets"; sourceTree = "<group>"; };
		8474C5EB26288DA7002ED9B3 /* Base */ = {isa = PBXFileReference; lastKnownFileType = file.storyboard; name = Base; path = Base.lproj/LaunchScreen.storyboard; sourceTree = "<group>"; };
		8474C5ED26288DA7002ED9B3 /* Info.plist */ = {isa = PBXFileReference; lastKnownFileType = text.plist.xml; path = Info.plist; sourceTree = "<group>"; };
/* End PBXFileReference section */

/* Begin PBXFrameworksBuildPhase section */
		8474C5D626288DA4002ED9B3 /* Frameworks */ = {
			isa = PBXFrameworksBuildPhase;
			buildActionMask = 2147483647;
			files = (
			);
			runOnlyForDeploymentPostprocessing = 0;
		};
/* End PBXFrameworksBuildPhase section */

/* Begin PBXGroup section */
		8474C5D026288DA4002ED9B3 = {
			isa = PBXGroup;
			children = (
				8474C5DB26288DA4002ED9B3 /* GameAPI */,
				8474C5DA26288DA4002ED9B3 /* Products */,
			);
			sourceTree = "<group>";
		};
		8474C5DA26288DA4002ED9B3 /* Products */ = {
			isa = PBXGroup;
			children = (
				8474C5D926288DA4002ED9B3 /* GameAPI.app */,
			);
			name = Products;
			sourceTree = "<group>";
		};
		8474C5DB26288DA4002ED9B3 /* GameAPI */ = {
			isa = PBXGroup;
			children = (
				8474C5DC26288DA4002ED9B3 /* AppDelegate.swift */,
				8474C5DE26288DA4002ED9B3 /* SceneDelegate.swift */,
				8474C5E026288DA4002ED9B3 /* ContentView.swift */,
				8474C5E526288DA7002ED9B3 /* Assets.xcassets */,
				8474C5EA26288DA7002ED9B3 /* LaunchScreen.storyboard */,
				8474C5ED26288DA7002ED9B3 /* Info.plist */,
				8474C5E226288DA4002ED9B3 /* GameAPI.xcdatamodeld */,
				8474C5E726288DA7002ED9B3 /* Preview Content */,
			);
			path = GameAPI;
			sourceTree = "<group>";
		};
		8474C5E726288DA7002ED9B3 /* Preview Content */ = {
			isa = PBXGroup;
			children = (
				8474C5E826288DA7002ED9B3 /* Preview Assets.xcassets */,
			);
			path = "Preview Content";
			sourceTree = "<group>";
		};
/* End PBXGroup section */

/* Begin PBXNativeTarget section */
		8474C5D826288DA4002ED9B3 /* GameAPI */ = {
			isa = PBXNativeTarget;
			buildConfigurationList = 8474C5F026288DA7002ED9B3 /* Build configuration list for PBXNativeTarget "GameAPI" */;
			buildPhases = (
				8474C5D526288DA4002ED9B3 /* Sources */,
				8474C5D626288DA4002ED9B3 /* Frameworks */,
				8474C5D726288DA4002ED9B3 /* Resources */,
			);
			buildRules = (
			);
			dependencies = (
			);
			name = GameAPI;
			productName = GameAPI;
			productReference = 8474C5D926288DA4002ED9B3 /* GameAPI.app */;
			productType = "com.apple.product-type.application";
		};
/* End PBXNativeTarget section */

/* Begin PBXProject section */
		8474C5D126288DA4002ED9B3 /* Project object */ = {
			isa = PBXProject;
			attributes = {
				LastSwiftUpdateCheck = 1210;
				LastUpgradeCheck = 1210;
				TargetAttributes = {
					8474C5D826288DA4002ED9B3 = {
						CreatedOnToolsVersion = 12.1;
					};
				};
			};
			buildConfigurationList = 8474C5D426288DA4002ED9B3 /* Build configuration list for PBXProject "GameAPI" */;
			compatibilityVersion = "Xcode 9.3";
			developmentRegion = en;
			hasScannedForEncodings = 0;
			knownRegions = (
				en,
				Base,
			);
			mainGroup = 8474C5D026288DA4002ED9B3;
			productRefGroup = 8474C5DA26288DA4002ED9B3 /* Products */;
			projectDirPath = "";
			projectRoot = "";
			targets = (
				8474C5D826288DA4002ED9B3 /* GameAPI */,
			);
		};
/* End PBXProject section */

/* Begin PBXResourcesBuildPhase section */
		8474C5D726288DA4002ED9B3 /* Resources */ = {
			isa = PBXResourcesBuildPhase;
			buildActionMask = 2147483647;
			files = (
				8474C5EC26288DA7002ED9B3 /* LaunchScreen.storyboard in Resources */,
				8474C5E926288DA7002ED9B3 /* Preview Assets.xcassets in Resources */,
				8474C5E626288DA7002ED9B3 /* Assets.xcassets in Resources */,
			);
			runOnlyForDeploymentPostprocessing = 0;
		};
/* End PBXResourcesBuildPhase section */

/* Begin PBXSourcesBuildPhase section */
		8474C5D526288DA4002ED9B3 /* Sources */ = {
			isa = PBXSourcesBuildPhase;
			buildActionMask = 2147483647;
			files = (
				8474C5E426288DA4002ED9B3 /* GameAPI.xcdatamodeld in Sources */,
				8474C5DD26288DA4002ED9B3 /* AppDelegate.swift in Sources */,
				8474C5DF26288DA4002ED9B3 /* SceneDelegate.swift in Sources */,
				8474C5E126288DA4002ED9B3 /* ContentView.swift in Sources */,
			);
			runOnlyForDeploymentPostprocessing = 0;
		};
/* End PBXSourcesBuildPhase section */

/* Begin PBXVariantGroup section */
		8474C5EA26288DA7002ED9B3 /* LaunchScreen.storyboard */ = {
			isa = PBXVariantGroup;
			children = (
				8474C5EB26288DA7002ED9B3 /* Base */,
			);
			name = LaunchScreen.storyboard;
			sourceTree = "<group>";
		};
/* End PBXVariantGroup section */

/* Begin XCBuildConfiguration section */
		8474C5EE26288DA7002ED9B3 /* Debug */ = {
			isa = XCBuildConfiguration;
			buildSettings = {
				ALWAYS_SEARCH_USER_PATHS = NO;
				CLANG_ANALYZER_NONNULL = YES;
				CLANG_ANALYZER_NUMBER_OBJECT_CONVERSION = YES_AGGRESSIVE;
				CLANG_CXX_LANGUAGE_STANDARD = "gnu++14";
				CLANG_CXX_LIBRARY = "libc++";
				CLANG_ENABLE_MODULES = YES;
				CLANG_ENABLE_OBJC_ARC = YES;
				CLANG_ENABLE_OBJC_WEAK = YES;
				CLANG_WARN_BLOCK_CAPTURE_AUTORELEASING = YES;
				CLANG_WARN_BOOL_CONVERSION = YES;
				CLANG_WARN_COMMA = YES;
				CLANG_WARN_CONSTANT_CONVERSION = YES;
				CLANG_WARN_DEPRECATED_OBJC_IMPLEMENTATIONS = YES;
				CLANG_WARN_DIRECT_OBJC_ISA_USAGE = YES_ERROR;
				CLANG_WARN_DOCUMENTATION_COMMENTS = YES;
				CLANG_WARN_EMPTY_BODY = YES;
				CLANG_WARN_ENUM_CONVERSION = YES;
				CLANG_WARN_INFINITE_RECURSION = YES;
				CLANG_WARN_INT_CONVERSION = YES;
				CLANG_WARN_NON_LITERAL_NULL_CONVERSION = YES;
				CLANG_WARN_OBJC_IMPLICIT_RETAIN_SELF = YES;
				CLANG_WARN_OBJC_LITERAL_CONVERSION = YES;
				CLANG_WARN_OBJC_ROOT_CLASS = YES_ERROR;
				CLANG_WARN_QUOTED_INCLUDE_IN_FRAMEWORK_HEADER = YES;
				CLANG_WARN_RANGE_LOOP_ANALYSIS = YES;
				CLANG_WARN_STRICT_PROTOTYPES = YES;
				CLANG_WARN_SUSPICIOUS_MOVE = YES;
				CLANG_WARN_UNGUARDED_AVAILABILITY = YES_AGGRESSIVE;
				CLANG_WARN_UNREACHABLE_CODE = YES;
				CLANG_WARN__DUPLICATE_METHOD_MATCH = YES;
				COPY_PHASE_STRIP = NO;
				DEBUG_INFORMATION_FORMAT = dwarf;
				ENABLE_STRICT_OBJC_MSGSEND = YES;
				ENABLE_TESTABILITY = YES;
				GCC_C_LANGUAGE_STANDARD = gnu11;
				GCC_DYNAMIC_NO_PIC = NO;
				GCC_NO_COMMON_BLOCKS = YES;
				GCC_OPTIMIZATION_LEVEL = 0;
				GCC_PREPROCESSOR_DEFINITIONS = (
					"DEBUG=1",
					"$(inherited)",
				);
				GCC_WARN_64_TO_32_BIT_CONVERSION = YES;
				GCC_WARN_ABOUT_RETURN_TYPE = YES_ERROR;
				GCC_WARN_UNDECLARED_SELECTOR = YES;
				GCC_WARN_UNINITIALIZED_AUTOS = YES_AGGRESSIVE;
				GCC_WARN_UNUSED_FUNCTION = YES;
				GCC_WARN_UNUSED_VARIABLE = YES;
				IPHONEOS_DEPLOYMENT_TARGET = 14.1;
				MTL_ENABLE_DEBUG_INFO = INCLUDE_SOURCE;
				MTL_FAST_MATH = YES;
				ONLY_ACTIVE_ARCH = YES;
				SDKROOT = iphoneos;
				SWIFT_ACTIVE_COMPILATION_CONDITIONS = DEBUG;
				SWIFT_OPTIMIZATION_LEVEL = "-Onone";
			};
			name = Debug;
		};
		8474C5EF26288DA7002ED9B3 /* Release */ = {
			isa = XCBuildConfiguration;
			buildSettings = {
				ALWAYS_SEARCH_USER_PATHS = NO;
				CLANG_ANALYZER_NONNULL = YES;
				CLANG_ANALYZER_NUMBER_OBJECT_CONVERSION = YES_AGGRESSIVE;
				CLANG_CXX_LANGUAGE_STANDARD = "gnu++14";
				CLANG_CXX_LIBRARY = "libc++";
				CLANG_ENABLE_MODULES = YES;
				CLANG_ENABLE_OBJC_ARC = YES;
				CLANG_ENABLE_OBJC_WEAK = YES;
				CLANG_WARN_BLOCK_CAPTURE_AUTORELEASING = YES;
				CLANG_WARN_BOOL_CONVERSION = YES;
				CLANG_WARN_COMMA = YES;
				CLANG_WARN_CONSTANT_CONVERSION = YES;
				CLANG_WARN_DEPRECATED_OBJC_IMPLEMENTATIONS = YES;
				CLANG_WARN_DIRECT_OBJC_ISA_USAGE = YES_ERROR;
				CLANG_WARN_DOCUMENTATION_COMMENTS = YES;
				CLANG_WARN_EMPTY_BODY = YES;
				CLANG_WARN_ENUM_CONVERSION = YES;
				CLANG_WARN_INFINITE_RECURSION = YES;
				CLANG_WARN_INT_CONVERSION = YES;
				CLANG_WARN_NON_LITERAL_NULL_CONVERSION = YES;
				CLANG_WARN_OBJC_IMPLICIT_RETAIN_SELF = YES;
				CLANG_WARN_OBJC_LITERAL_CONVERSION = YES;
				CLANG_WARN_OBJC_ROOT_CLASS = YES_ERROR;
				CLANG_WARN_QUOTED_INCLUDE_IN_FRAMEWORK_HEADER = YES;
				CLANG_WARN_RANGE_LOOP_ANALYSIS = YES;
				CLANG_WARN_STRICT_PROTOTYPES = YES;
				CLANG_WARN_SUSPICIOUS_MOVE = YES;
				CLANG_WARN_UNGUARDED_AVAILABILITY = YES_AGGRESSIVE;
				CLANG_WARN_UNREACHABLE_CODE = YES;
				CLANG_WARN__DUPLICATE_METHOD_MATCH = YES;
				COPY_PHASE_STRIP = NO;
				DEBUG_INFORMATION_FORMAT = "dwarf-with-dsym";
				ENABLE_NS_ASSERTIONS = NO;
				ENABLE_STRICT_OBJC_MSGSEND = YES;
				GCC_C_LANGUAGE_STANDARD = gnu11;
				GCC_NO_COMMON_BLOCKS = YES;
				GCC_WARN_64_TO_32_BIT_CONVERSION = YES;
				GCC_WARN_ABOUT_RETURN_TYPE = YES_ERROR;
				GCC_WARN_UNDECLARED_SELECTOR = YES;
				GCC_WARN_UNINITIALIZED_AUTOS = YES_AGGRESSIVE;
				GCC_WARN_UNUSED_FUNCTION = YES;
				GCC_WARN_UNUSED_VARIABLE = YES;
				IPHONEOS_DEPLOYMENT_TARGET = 14.1;
				MTL_ENABLE_DEBUG_INFO = NO;
				MTL_FAST_MATH = YES;
				SDKROOT = iphoneos;
				SWIFT_COMPILATION_MODE = wholemodule;
				SWIFT_OPTIMIZATION_LEVEL = "-O";
				VALIDATE_PRODUCT = YES;
			};
			name = Release;
		};
		8474C5F126288DA7002ED9B3 /* Debug */ = {
			isa = XCBuildConfiguration;
			buildSettings = {
				ASSETCATALOG_COMPILER_APPICON_NAME = AppIcon;
				ASSETCATALOG_COMPILER_GLOBAL_ACCENT_COLOR_NAME = AccentColor;
				CODE_SIGN_STYLE = Automatic;
				DEVELOPMENT_ASSET_PATHS = "\"GameAPI/Preview Content\"";
				DEVELOPMENT_TEAM = 8MSD7WS2CG;
				ENABLE_PREVIEWS = YES;
				INFOPLIST_FILE = GameAPI/Info.plist;
				LD_RUNPATH_SEARCH_PATHS = (
					"$(inherited)",
					"@executable_path/Frameworks",
				);
				PRODUCT_BUNDLE_IDENTIFIER = com.dzia.GameAPI;
				PRODUCT_NAME = "$(TARGET_NAME)";
				SWIFT_VERSION = 5.0;
				TARGETED_DEVICE_FAMILY = "1,2";
			};
			name = Debug;
		};
		8474C5F226288DA7002ED9B3 /* Release */ = {
			isa = XCBuildConfiguration;
			buildSettings = {
				ASSETCATALOG_COMPILER_APPICON_NAME = AppIcon;
				ASSETCATALOG_COMPILER_GLOBAL_ACCENT_COLOR_NAME = AccentColor;
				CODE_SIGN_STYLE = Automatic;
				DEVELOPMENT_ASSET_PATHS = "\"GameAPI/Preview Content\"";
				DEVELOPMENT_TEAM = 8MSD7WS2CG;
				ENABLE_PREVIEWS = YES;
				INFOPLIST_FILE = GameAPI/Info.plist;
				LD_RUNPATH_SEARCH_PATHS = (
					"$(inherited)",
					"@executable_path/Frameworks",
				);
				PRODUCT_BUNDLE_IDENTIFIER = com.dzia.GameAPI;
				PRODUCT_NAME = "$(TARGET_NAME)";
				SWIFT_VERSION = 5.0;
				TARGETED_DEVICE_FAMILY = "1,2";
			};
			name = Release;
		};
/* End XCBuildConfiguration section */

/* Begin XCConfigurationList section */
		8474C5D426288DA4002ED9B3 /* Build configuration list for PBXProject "GameAPI" */ = {
			isa = XCConfigurationList;
			buildConfigurations = (
				8474C5EE26288DA7002ED9B3 /* Debug */,
				8474C5EF26288DA7002ED9B3 /* Release */,
			);
			defaultConfigurationIsVisible = 0;
			defaultConfigurationName = Release;
		};
		8474C5F026288DA7002ED9B3 /* Build configuration list for PBXNativeTarget "GameAPI" */ = {
			isa = XCConfigurationList;
			buildConfigurations = (
				8474C5F126288DA7002ED9B3 /* Debug */,
				8474C5F226288DA7002ED9B3 /* Release */,
			);
			defaultConfigurationIsVisible = 0;
			defaultConfigurationName = Release;
		};
/* End XCConfigurationList section */

/* Begin XCVersionGroup section */
		8474C5E226288DA4002ED9B3 /* GameAPI.xcdatamodeld */ = {
			isa = XCVersionGroup;
			children = (
				8474C5E326288DA4002ED9B3 /* GameAPI.xcdatamodel */,
			);
			currentVersion = 8474C5E326288DA4002ED9B3 /* GameAPI.xcdatamodel */;
			path = GameAPI.xcdatamodeld;
			sourceTree = "<group>";
			versionGroupType = wrapper.xcdatamodel;
		};
/* End XCVersionGroup section */
	};
	rootObject = 8474C5D126288DA4002ED9B3 /* Project object */;
}
